<?xml version="1.0" encoding="utf-8"?>
<Project ToolsVersion="4.0" xmlns="http://schemas.microsoft.com/developer/msbuild/2003">
  <ItemGroup>
    <ClCompile Include="kmain.cpp" />
    <ClCompile Include="SkyConsole.cpp" />
    <ClCompile Include="GDT.cpp">
      <Filter>CPU</Filter>
    </ClCompile>
    <ClCompile Include="IDT.cpp">
      <Filter>CPU</Filter>
    </ClCompile>
    <ClCompile Include="PIC.cpp">
      <Filter>CPU</Filter>
    </ClCompile>
    <ClCompile Include="HAL.cpp">
      <Filter>CPU</Filter>
    </ClCompile>
    <ClCompile Include="SkyAPI.cpp" />
    <ClCompile Include="PIT.cpp">
      <Filter>CPU</Filter>
    </ClCompile>
  </ItemGroup>
  <ItemGroup>
    <ClInclude Include="kmain.h" />
    <ClInclude Include="SkyConsole.h" />
    <ClInclude Include="MultiBoot.h" />
    <ClInclude Include="GDT.h">
      <Filter>CPU</Filter>
    </ClInclude>
    <ClInclude Include="IDT.h">
      <Filter>CPU</Filter>
    </ClInclude>
    <ClInclude Include="PIC.h">
      <Filter>CPU</Filter>
    </ClInclude>
    <ClInclude Include="HAL.h">
      <Filter>CPU</Filter>
    </ClInclude>
    <ClInclude Include="SkyAPI.h" />
    <ClInclude Include="PIT.h">
      <Filter>CPU</Filter>
    </ClInclude>
  </ItemGroup>
  <ItemGroup>
    <Filter Include="CPU">
      <UniqueIdentifier>{d0ee344d-9065-4c5d-8a54-a5bd72ad2ede}</UniqueIdentifier>
    </Filter>
  </ItemGroup>
</Project>